
Microsoft Visual Studio Solution File, Format Version 12.00
# Visual Studio Version 17
VisualStudioVersion = 17.14.36310.24 d17.14
MinimumVisualStudioVersion = 10.0.40219.1
Project("{FAE04EC0-301F-11D3-BF4B-00C04F79EFBC}") = "Async_Await_Example_With_Different_Test_Case_AND_Comparison_With_Sync_Flow", "Async_Await_Example_With_Different_Test_Case_AND_Comparison_With_Sync_Flow.csproj", "{8B82E6EB-05BD-4E74-91B5-38FF78D57715}"
EndProject
Global
	GlobalSection(SolutionConfigurationPlatforms) = preSolution
		Debug|Any CPU = Debug|Any CPU
		Release|Any CPU = Release|Any CPU
	EndGlobalSection
	GlobalSection(ProjectConfigurationPlatforms) = postSolution
		{8B82E6EB-05BD-4E74-91B5-38FF78D57715}.Debug|Any CPU.ActiveCfg = Debug|Any CPU
		{8B82E6EB-05BD-4E74-91B5-38FF78D57715}.Debug|Any CPU.Build.0 = Debug|Any CPU
		{8B82E6EB-05BD-4E74-91B5-38FF78D57715}.Release|Any CPU.ActiveCfg = Release|Any CPU
		{8B82E6EB-05BD-4E74-91B5-38FF78D57715}.Release|Any CPU.Build.0 = Release|Any CPU
	EndGlobalSection
	GlobalSection(SolutionProperties) = preSolution
		HideSolutionNode = FALSE
	EndGlobalSection
	GlobalSection(ExtensibilityGlobals) = postSolution
		SolutionGuid = {CCA4079D-77C0-41B5-AD37-BD12E85CCABF}
	EndGlobalSection
EndGlobal
